// !$*UTF8*$!
{
	archiveVersion = 1;
	classes = {
	};
	objectVersion = 46;
	objects = {

/* Begin PBXAggregateTarget section */
		472198C97E4747A4B3AD087F /* ZERO_CHECK */ = {
			isa = PBXAggregateTarget;
			buildConfigurationList = 3E2217E05FD240BD981B77B6 /* Build configuration list for PBXAggregateTarget "ZERO_CHECK" */;
			buildPhases = (
				EDC0BB80DE3D4FE48594D4B4 /* CMake Rules */,
			);
			dependencies = (
			);
			name = ZERO_CHECK;
			productName = ZERO_CHECK;
		};
		8F23595B901C4C30837AC1F7 /* ALL_BUILD */ = {
			isa = PBXAggregateTarget;
			buildConfigurationList = D3343ED704D04038AA054D16 /* Build configuration list for PBXAggregateTarget "ALL_BUILD" */;
			buildPhases = (
				154710845536406F86041898 /* CMake Rules */,
			);
			dependencies = (
				E341CF7A46284F4888318D22 /* PBXTargetDependency */,
				CDE2F9B417FD4140B0087D72 /* PBXTargetDependency */,
			);
			name = ALL_BUILD;
			productName = ALL_BUILD;
		};
		A0A45CD406C4419C95052B49 /* intrinsics_gen */ = {
			isa = PBXAggregateTarget;
			buildConfigurationList = 9E25FCC01F0B4BA68C002685 /* Build configuration list for PBXAggregateTarget "intrinsics_gen" */;
			buildPhases = (
			);
			dependencies = (
				0BEDA90016EC49EC8CFC4088 /* PBXTargetDependency */,
			);
			name = intrinsics_gen;
			productName = intrinsics_gen;
		};
/* End PBXAggregateTarget section */

/* Begin PBXBuildFile section */
		2C2B5018ECE941219A76400F /* /Users/lanza/Documents/Kaleidoscope/CMakeLists.txt */ = {isa = PBXBuildFile; fileRef = 3C3745212E3C47718FB4D9F4 /* /Users/lanza/Documents/Kaleidoscope/CMakeLists.txt */; };
		535F40C65DBB4B06B6A909D9 /* /Users/lanza/Documents/Kaleidoscope/main.cpp */ = {isa = PBXBuildFile; fileRef = 9FF9C1206D7145899A8502C2 /* /Users/lanza/Documents/Kaleidoscope/main.cpp */; };
/* End PBXBuildFile section */

/* Begin PBXBuildStyle section */
		080C667054C94170AF6420B7 /* MinSizeRel */ = {
			isa = PBXBuildStyle;
			buildSettings = {
				COPY_PHASE_STRIP = NO;
			};
			name = MinSizeRel;
		};
		39549F3DB63F4D9191680DFA /* Debug */ = {
			isa = PBXBuildStyle;
			buildSettings = {
				COPY_PHASE_STRIP = NO;
			};
			name = Debug;
		};
		6AB122B100464B238AB9BACD /* Release */ = {
			isa = PBXBuildStyle;
			buildSettings = {
				COPY_PHASE_STRIP = NO;
			};
			name = Release;
		};
		90A2034EC74942C8B0F8E833 /* RelWithDebInfo */ = {
			isa = PBXBuildStyle;
			buildSettings = {
				COPY_PHASE_STRIP = NO;
			};
			name = RelWithDebInfo;
		};
/* End PBXBuildStyle section */

/* Begin PBXContainerItemProxy section */
		7E8D21A4B4B046D9BBA51F55 /* PBXContainerItemProxy */ = {
			isa = PBXContainerItemProxy;
			containerPortal = 88A9E34E13D24ECC9DF88525 /* Project object */;
			proxyType = 1;
			remoteGlobalIDString = 472198C97E4747A4B3AD087F;
			remoteInfo = ZERO_CHECK;
		};
		8D0F07661A4A42AB8FE8272F /* PBXContainerItemProxy */ = {
			isa = PBXContainerItemProxy;
			containerPortal = 88A9E34E13D24ECC9DF88525 /* Project object */;
			proxyType = 1;
			remoteGlobalIDString = 472198C97E4747A4B3AD087F;
			remoteInfo = ZERO_CHECK;
		};
		913A338FF6244E71B2032914 /* PBXContainerItemProxy */ = {
			isa = PBXContainerItemProxy;
			containerPortal = 88A9E34E13D24ECC9DF88525 /* Project object */;
			proxyType = 1;
			remoteGlobalIDString = F7EBFC877613497AB98DF0AC;
			remoteInfo = kaleidoscope;
		};
		CDC41815CF4440B6AB972FEE /* PBXContainerItemProxy */ = {
			isa = PBXContainerItemProxy;
			containerPortal = 88A9E34E13D24ECC9DF88525 /* Project object */;
			proxyType = 1;
			remoteGlobalIDString = 472198C97E4747A4B3AD087F;
			remoteInfo = ZERO_CHECK;
		};
/* End PBXContainerItemProxy section */

/* Begin PBXFileReference section */
		180CA80245CD4ECFB1B973FF /* kaleidoscope */ = {isa = PBXFileReference; explicitFileType = "compiled.mach-o.executable"; path = kaleidoscope; sourceTree = BUILT_PRODUCTS_DIR; };
		3C3745212E3C47718FB4D9F4 /* /Users/lanza/Documents/Kaleidoscope/CMakeLists.txt */ = {isa = PBXFileReference; explicitFileType = sourcecode.text; fileEncoding = 4; name = CMakeLists.txt; path = CMakeLists.txt; sourceTree = SOURCE_ROOT; };
		41246DAC1C8244FEA20A0A5C /* /Users/lanza/Documents/Kaleidoscope/CMakeLists.txt */ = {isa = PBXFileReference; explicitFileType = sourcecode.text; fileEncoding = 4; name = CMakeLists.txt; path = CMakeLists.txt; sourceTree = SOURCE_ROOT; };
		9FF9C1206D7145899A8502C2 /* /Users/lanza/Documents/Kaleidoscope/main.cpp */ = {isa = PBXFileReference; explicitFileType = sourcecode.cpp.cpp; fileEncoding = 4; name = main.cpp; path = main.cpp; sourceTree = SOURCE_ROOT; };
		DEED869FCC1D4B77B0E0EB8E /* /Users/lanza/Documents/Kaleidoscope/CMakeLists.txt */ = {isa = PBXFileReference; explicitFileType = sourcecode.text; fileEncoding = 4; name = CMakeLists.txt; path = CMakeLists.txt; sourceTree = SOURCE_ROOT; };
		DF9DD365870A42508B845620 /* /Users/lanza/Documents/Kaleidoscope/CMakeLists.txt */ = {isa = PBXFileReference; explicitFileType = sourcecode.text; fileEncoding = 4; name = CMakeLists.txt; path = CMakeLists.txt; sourceTree = SOURCE_ROOT; };
/* End PBXFileReference section */

/* Begin PBXGroup section */
		185A470DA7934BF0896DFBB6 /* kaleidoscope */ = {
			isa = PBXGroup;
			children = (
				D5EDE5E01F7743B89FE2129B /* Source Files */,
				3C3745212E3C47718FB4D9F4 /* /Users/lanza/Documents/Kaleidoscope/CMakeLists.txt */,
			);
			name = kaleidoscope;
			sourceTree = "<group>";
		};
		32F6B87B31C74BDBB2D3C415 = {
			isa = PBXGroup;
			children = (
				185A470DA7934BF0896DFBB6 /* kaleidoscope */,
				FA297E2952A94E12B950A887 /* intrinsics_gen */,
				4B4B43CAF17E49499A228563 /* ALL_BUILD */,
				5A86462BE8A4458DA5E25B53 /* ZERO_CHECK */,
				3CC2524BE1A5460684E67927 /* Products */,
			);
			sourceTree = "<group>";
		};
		3CC2524BE1A5460684E67927 /* Products */ = {
			isa = PBXGroup;
			children = (
				180CA80245CD4ECFB1B973FF /* kaleidoscope */,
			);
			name = Products;
			sourceTree = "<group>";
		};
		4B4B43CAF17E49499A228563 /* ALL_BUILD */ = {
			isa = PBXGroup;
			children = (
				EE25A9CF237A4207AB3CE150 /* CMake Rules */,
				DEED869FCC1D4B77B0E0EB8E /* /Users/lanza/Documents/Kaleidoscope/CMakeLists.txt */,
			);
			name = ALL_BUILD;
			sourceTree = "<group>";
		};
		5A86462BE8A4458DA5E25B53 /* ZERO_CHECK */ = {
			isa = PBXGroup;
			children = (
				855AC97D3F514B658DEECB65 /* CMake Rules */,
				41246DAC1C8244FEA20A0A5C /* /Users/lanza/Documents/Kaleidoscope/CMakeLists.txt */,
			);
			name = ZERO_CHECK;
			sourceTree = "<group>";
		};
		855AC97D3F514B658DEECB65 /* CMake Rules */ = {
			isa = PBXGroup;
			children = (
			);
			name = "CMake Rules";
			sourceTree = "<group>";
		};
		D5EDE5E01F7743B89FE2129B /* Source Files */ = {
			isa = PBXGroup;
			children = (
				9FF9C1206D7145899A8502C2 /* /Users/lanza/Documents/Kaleidoscope/main.cpp */,
			);
			name = "Source Files";
			sourceTree = "<group>";
		};
		EE25A9CF237A4207AB3CE150 /* CMake Rules */ = {
			isa = PBXGroup;
			children = (
			);
			name = "CMake Rules";
			sourceTree = "<group>";
		};
		FA297E2952A94E12B950A887 /* intrinsics_gen */ = {
			isa = PBXGroup;
			children = (
				DF9DD365870A42508B845620 /* /Users/lanza/Documents/Kaleidoscope/CMakeLists.txt */,
			);
			name = intrinsics_gen;
			sourceTree = "<group>";
		};
/* End PBXGroup section */

/* Begin PBXNativeTarget section */
		F7EBFC877613497AB98DF0AC /* kaleidoscope */ = {
			isa = PBXNativeTarget;
			buildConfigurationList = C59795C8D36242D9BB15CA87 /* Build configuration list for PBXNativeTarget "kaleidoscope" */;
			buildPhases = (
				149B59C5745B4FFB9910E0C2 /* Sources */,
			);
			buildRules = (
			);
			dependencies = (
				68714E5F4EBC4E11ADDED6C6 /* PBXTargetDependency */,
			);
			name = kaleidoscope;
			productName = kaleidoscope;
			productReference = 180CA80245CD4ECFB1B973FF /* kaleidoscope */;
			productType = "com.apple.product-type.tool";
		};
/* End PBXNativeTarget section */

/* Begin PBXProject section */
		88A9E34E13D24ECC9DF88525 /* Project object */ = {
			isa = PBXProject;
			attributes = {
				BuildIndependentTargetsInParallel = YES;
				LastUpgradeCheck = 0900;
			};
			buildConfigurationList = 77B519D3078C486B9A903EB8 /* Build configuration list for PBXProject "Kaleidoscope" */;
			buildSettings = {
			};
			buildStyles = (
				39549F3DB63F4D9191680DFA /* Debug */,
				6AB122B100464B238AB9BACD /* Release */,
				080C667054C94170AF6420B7 /* MinSizeRel */,
				90A2034EC74942C8B0F8E833 /* RelWithDebInfo */,
			);
			compatibilityVersion = "Xcode 3.2";
			hasScannedForEncodings = 0;
			mainGroup = 32F6B87B31C74BDBB2D3C415;
			projectDirPath = ../;
			projectRoot = "";
			targets = (
				8F23595B901C4C30837AC1F7 /* ALL_BUILD */,
				472198C97E4747A4B3AD087F /* ZERO_CHECK */,
				A0A45CD406C4419C95052B49 /* intrinsics_gen */,
				F7EBFC877613497AB98DF0AC /* kaleidoscope */,
			);
		};
/* End PBXProject section */

/* Begin PBXShellScriptBuildPhase section */
		05BDA62462BF41A498A1455B = {
			isa = PBXShellScriptBuildPhase;
			buildActionMask = 2147483647;
			files = (
			);
			inputPaths = (
			);
			outputPaths = (
			);
			runOnlyForDeploymentPostprocessing = 0;
			shellPath = /bin/sh;
			shellScript = "# shell script goes here
exit 0";
			showEnvVarsInLog = 0;
		};
		154710845536406F86041898 /* CMake Rules */ = {
			isa = PBXShellScriptBuildPhase;
			buildActionMask = 2147483647;
			files = (
			);
			name = "CMake Rules";
			runOnlyForDeploymentPostprocessing = 0;
			shellPath = /bin/sh;
			shellScript = "make -C /Users/lanza/Documents/Kaleidoscope/xbuild -f /Users/lanza/Documents/Kaleidoscope/xbuild/CMakeScripts/ALL_BUILD_cmakeRulesBuildPhase.make$CONFIGURATION all";
			showEnvVarsInLog = 0;
		};
		4CB1DCD20BA3490D9CFFDC87 = {
			isa = PBXShellScriptBuildPhase;
			buildActionMask = 2147483647;
			files = (
			);
			inputPaths = (
			);
			outputPaths = (
			);
			runOnlyForDeploymentPostprocessing = 0;
			shellPath = /bin/sh;
			shellScript = "# shell script goes here
exit 0";
			showEnvVarsInLog = 0;
		};
		DE014C1B1C3D43A48F12AC0E = {
			isa = PBXShellScriptBuildPhase;
			buildActionMask = 2147483647;
			files = (
			);
			inputPaths = (
			);
			outputPaths = (
			);
			runOnlyForDeploymentPostprocessing = 0;
			shellPath = /bin/sh;
			shellScript = "# shell script goes here
exit 0";
			showEnvVarsInLog = 0;
		};
		EDC0BB80DE3D4FE48594D4B4 /* CMake Rules */ = {
			isa = PBXShellScriptBuildPhase;
			buildActionMask = 2147483647;
			files = (
			);
			name = "CMake Rules";
			runOnlyForDeploymentPostprocessing = 0;
			shellPath = /bin/sh;
			shellScript = "make -C /Users/lanza/Documents/Kaleidoscope/xbuild -f /Users/lanza/Documents/Kaleidoscope/xbuild/CMakeScripts/ZERO_CHECK_cmakeRulesBuildPhase.make$CONFIGURATION all";
			showEnvVarsInLog = 0;
		};
/* End PBXShellScriptBuildPhase section */

/* Begin PBXSourcesBuildPhase section */
		149B59C5745B4FFB9910E0C2 /* Sources */ = {
			isa = PBXSourcesBuildPhase;
			buildActionMask = 2147483647;
			files = (
				535F40C65DBB4B06B6A909D9 /* /Users/lanza/Documents/Kaleidoscope/main.cpp */,
			);
			runOnlyForDeploymentPostprocessing = 0;
		};
/* End PBXSourcesBuildPhase section */

/* Begin PBXTargetDependency section */
		0BEDA90016EC49EC8CFC4088 /* PBXTargetDependency */ = {
			isa = PBXTargetDependency;
			target = 472198C97E4747A4B3AD087F /* ZERO_CHECK */;
			targetProxy = 7E8D21A4B4B046D9BBA51F55 /* PBXContainerItemProxy */;
		};
		68714E5F4EBC4E11ADDED6C6 /* PBXTargetDependency */ = {
			isa = PBXTargetDependency;
			target = 472198C97E4747A4B3AD087F /* ZERO_CHECK */;
			targetProxy = 8D0F07661A4A42AB8FE8272F /* PBXContainerItemProxy */;
		};
		CDE2F9B417FD4140B0087D72 /* PBXTargetDependency */ = {
			isa = PBXTargetDependency;
			target = 472198C97E4747A4B3AD087F /* ZERO_CHECK */;
			targetProxy = CDC41815CF4440B6AB972FEE /* PBXContainerItemProxy */;
		};
		E341CF7A46284F4888318D22 /* PBXTargetDependency */ = {
			isa = PBXTargetDependency;
			target = F7EBFC877613497AB98DF0AC /* kaleidoscope */;
			targetProxy = 913A338FF6244E71B2032914 /* PBXContainerItemProxy */;
		};
/* End PBXTargetDependency section */

/* Begin XCBuildConfiguration section */
		046F982BE88546B1A2210384 /* RelWithDebInfo */ = {
			isa = XCBuildConfiguration;
			buildSettings = {
				COMBINE_HIDPI_IMAGES = YES;
				EXECUTABLE_PREFIX = "";
				EXECUTABLE_SUFFIX = "";
				GCC_GENERATE_DEBUGGING_SYMBOLS = YES;
				GCC_INLINES_ARE_PRIVATE_EXTERN = NO;
				GCC_OPTIMIZATION_LEVEL = 2;
				GCC_PREPROCESSOR_DEFINITIONS = ("'CMAKE_INTDIR=\"$(CONFIGURATION)$(EFFECTIVE_PLATFORM_NAME)\"'");
				GCC_SYMBOLS_PRIVATE_EXTERN = NO;
				HEADER_SEARCH_PATHS = (/usr/local/include);
				INSTALL_PATH = "";
				LIBRARY_SEARCH_PATHS = "";
				OTHER_CPLUSPLUSFLAGS = "       -DNDEBUG '-std=gnu++1z'   -D_DEBUG -D__STDC_CONSTANT_MACROS -D__STDC_FORMAT_MACROS -D__STDC_LIMIT_MACROS";
				OTHER_LDFLAGS = " -Wl,-search_paths_first -Wl,-headerpad_max_install_names  /usr/local/lib/libLLVMSupport.a /usr/local/lib/libLLVMCore.a /usr/local/lib/libLLVMIRReader.a /usr/local/lib/libLLVMAsmParser.a /usr/local/lib/libLLVMBitReader.a /usr/local/lib/libLLVMCore.a /usr/local/lib/libLLVMBinaryFormat.a /usr/local/lib/libLLVMSupport.a -lcurses -lz -lm /usr/local/lib/libLLVMDemangle.a";
				OTHER_REZFLAGS = "";
				PRODUCT_NAME = kaleidoscope;
				SECTORDER_FLAGS = "";
				SYMROOT = /Users/lanza/Documents/Kaleidoscope/xbuild;
				USE_HEADERMAP = NO;
				WARNING_CFLAGS = ("-Wmost","-Wno-four-char-constants","-Wno-unknown-pragmas","$(inherited)");
			};
			name = RelWithDebInfo;
		};
		15141014C45B49079DDB2791 /* MinSizeRel */ = {
			isa = XCBuildConfiguration;
			buildSettings = {
				MACOSX_DEPLOYMENT_TARGET = 10.12;
				ONLY_ACTIVE_ARCH = YES;
				SDKROOT = /Applications/Xcode.app/Contents/Developer/Platforms/MacOSX.platform/Developer/SDKs/MacOSX10.13.sdk;
				SYMROOT = /Users/lanza/Documents/Kaleidoscope/xbuild/build;
			};
			name = MinSizeRel;
		};
		2A8FE999C851467087993F58 /* RelWithDebInfo */ = {
			isa = XCBuildConfiguration;
			buildSettings = {
				MACOSX_DEPLOYMENT_TARGET = 10.12;
				ONLY_ACTIVE_ARCH = YES;
				SDKROOT = /Applications/Xcode.app/Contents/Developer/Platforms/MacOSX.platform/Developer/SDKs/MacOSX10.13.sdk;
				SYMROOT = /Users/lanza/Documents/Kaleidoscope/xbuild/build;
			};
			name = RelWithDebInfo;
		};
		3743F587F04C431C85B639DB /* Release */ = {
			isa = XCBuildConfiguration;
			buildSettings = {
				COMBINE_HIDPI_IMAGES = YES;
				GCC_GENERATE_DEBUGGING_SYMBOLS = YES;
				GCC_INLINES_ARE_PRIVATE_EXTERN = NO;
				GCC_OPTIMIZATION_LEVEL = 0;
				GCC_PREPROCESSOR_DEFINITIONS = ("'CMAKE_INTDIR=\"$(CONFIGURATION)$(EFFECTIVE_PLATFORM_NAME)\"'");
				GCC_SYMBOLS_PRIVATE_EXTERN = NO;
				HEADER_SEARCH_PATHS = (/usr/local/include);
				INSTALL_PATH = "";
				OTHER_LDFLAGS = " ";
				OTHER_REZFLAGS = "";
				PRODUCT_NAME = intrinsics_gen;
				SECTORDER_FLAGS = "";
				SYMROOT = /Users/lanza/Documents/Kaleidoscope/xbuild;
				USE_HEADERMAP = NO;
				WARNING_CFLAGS = ("-Wmost","-Wno-four-char-constants","-Wno-unknown-pragmas","$(inherited)");
			};
			name = Release;
		};
		5390846D38B74A1E80B86DB1 /* RelWithDebInfo */ = {
			isa = XCBuildConfiguration;
			buildSettings = {
				COMBINE_HIDPI_IMAGES = YES;
				GCC_GENERATE_DEBUGGING_SYMBOLS = YES;
				GCC_INLINES_ARE_PRIVATE_EXTERN = NO;
				GCC_OPTIMIZATION_LEVEL = 0;
				GCC_PREPROCESSOR_DEFINITIONS = ("'CMAKE_INTDIR=\"$(CONFIGURATION)$(EFFECTIVE_PLATFORM_NAME)\"'");
				GCC_SYMBOLS_PRIVATE_EXTERN = NO;
				HEADER_SEARCH_PATHS = (/usr/local/include);
				INSTALL_PATH = "";
				OTHER_LDFLAGS = " ";
				OTHER_REZFLAGS = "";
				PRODUCT_NAME = ALL_BUILD;
				SECTORDER_FLAGS = "";
				SYMROOT = /Users/lanza/Documents/Kaleidoscope/xbuild;
				USE_HEADERMAP = NO;
				WARNING_CFLAGS = ("-Wmost","-Wno-four-char-constants","-Wno-unknown-pragmas","$(inherited)");
			};
			name = RelWithDebInfo;
		};
		62B0EBE6A58446159CF00524 /* RelWithDebInfo */ = {
			isa = XCBuildConfiguration;
			buildSettings = {
				COMBINE_HIDPI_IMAGES = YES;
				GCC_GENERATE_DEBUGGING_SYMBOLS = YES;
				GCC_INLINES_ARE_PRIVATE_EXTERN = NO;
				GCC_OPTIMIZATION_LEVEL = 0;
				GCC_PREPROCESSOR_DEFINITIONS = ("'CMAKE_INTDIR=\"$(CONFIGURATION)$(EFFECTIVE_PLATFORM_NAME)\"'");
				GCC_SYMBOLS_PRIVATE_EXTERN = NO;
				HEADER_SEARCH_PATHS = (/usr/local/include);
				INSTALL_PATH = "";
				OTHER_LDFLAGS = " ";
				OTHER_REZFLAGS = "";
				PRODUCT_NAME = intrinsics_gen;
				SECTORDER_FLAGS = "";
				SYMROOT = /Users/lanza/Documents/Kaleidoscope/xbuild;
				USE_HEADERMAP = NO;
				WARNING_CFLAGS = ("-Wmost","-Wno-four-char-constants","-Wno-unknown-pragmas","$(inherited)");
			};
			name = RelWithDebInfo;
		};
		6446CCFE2BE948B2B8ADE4EC /* Debug */ = {
			isa = XCBuildConfiguration;
			buildSettings = {
				COMBINE_HIDPI_IMAGES = YES;
				GCC_GENERATE_DEBUGGING_SYMBOLS = YES;
				GCC_INLINES_ARE_PRIVATE_EXTERN = NO;
				GCC_OPTIMIZATION_LEVEL = 0;
				GCC_PREPROCESSOR_DEFINITIONS = ("'CMAKE_INTDIR=\"$(CONFIGURATION)$(EFFECTIVE_PLATFORM_NAME)\"'");
				GCC_SYMBOLS_PRIVATE_EXTERN = NO;
				HEADER_SEARCH_PATHS = (/usr/local/include);
				INSTALL_PATH = "";
				OTHER_LDFLAGS = " ";
				OTHER_REZFLAGS = "";
				PRODUCT_NAME = intrinsics_gen;
				SECTORDER_FLAGS = "";
				SYMROOT = /Users/lanza/Documents/Kaleidoscope/xbuild;
				USE_HEADERMAP = NO;
				WARNING_CFLAGS = ("-Wmost","-Wno-four-char-constants","-Wno-unknown-pragmas","$(inherited)");
			};
			name = Debug;
		};
		67FAB2C225574391B405BA80 /* Debug */ = {
			isa = XCBuildConfiguration;
			buildSettings = {
				COMBINE_HIDPI_IMAGES = YES;
				GCC_GENERATE_DEBUGGING_SYMBOLS = YES;
				GCC_INLINES_ARE_PRIVATE_EXTERN = NO;
				GCC_OPTIMIZATION_LEVEL = 0;
				GCC_PREPROCESSOR_DEFINITIONS = ("'CMAKE_INTDIR=\"$(CONFIGURATION)$(EFFECTIVE_PLATFORM_NAME)\"'");
				GCC_SYMBOLS_PRIVATE_EXTERN = NO;
				HEADER_SEARCH_PATHS = (/usr/local/include);
				INSTALL_PATH = "";
				OTHER_LDFLAGS = " ";
				OTHER_REZFLAGS = "";
				PRODUCT_NAME = ZERO_CHECK;
				SECTORDER_FLAGS = "";
				SYMROOT = /Users/lanza/Documents/Kaleidoscope/xbuild;
				USE_HEADERMAP = NO;
				WARNING_CFLAGS = ("-Wmost","-Wno-four-char-constants","-Wno-unknown-pragmas","$(inherited)");
			};
			name = Debug;
		};
		78CD26C1AFA547A69AFBF326 /* Debug */ = {
			isa = XCBuildConfiguration;
			buildSettings = {
				MACOSX_DEPLOYMENT_TARGET = 10.12;
				ONLY_ACTIVE_ARCH = YES;
				SDKROOT = /Applications/Xcode.app/Contents/Developer/Platforms/MacOSX.platform/Developer/SDKs/MacOSX10.13.sdk;
				SYMROOT = /Users/lanza/Documents/Kaleidoscope/xbuild/build;
			};
			name = Debug;
		};
		8E238EB7C4F8479E8F7DB9FD /* MinSizeRel */ = {
			isa = XCBuildConfiguration;
			buildSettings = {
				COMBINE_HIDPI_IMAGES = YES;
				EXECUTABLE_PREFIX = "";
				EXECUTABLE_SUFFIX = "";
				GCC_GENERATE_DEBUGGING_SYMBOLS = NO;
				GCC_INLINES_ARE_PRIVATE_EXTERN = NO;
				GCC_OPTIMIZATION_LEVEL = s;
				GCC_PREPROCESSOR_DEFINITIONS = ("'CMAKE_INTDIR=\"$(CONFIGURATION)$(EFFECTIVE_PLATFORM_NAME)\"'");
				GCC_SYMBOLS_PRIVATE_EXTERN = NO;
				HEADER_SEARCH_PATHS = (/usr/local/include);
				INSTALL_PATH = "";
				LIBRARY_SEARCH_PATHS = "";
				OTHER_CPLUSPLUSFLAGS = "    -DNDEBUG '-std=gnu++1z'   -D_DEBUG -D__STDC_CONSTANT_MACROS -D__STDC_FORMAT_MACROS -D__STDC_LIMIT_MACROS";
				OTHER_LDFLAGS = " -Wl,-search_paths_first -Wl,-headerpad_max_install_names  /usr/local/lib/libLLVMSupport.a /usr/local/lib/libLLVMCore.a /usr/local/lib/libLLVMIRReader.a /usr/local/lib/libLLVMAsmParser.a /usr/local/lib/libLLVMBitReader.a /usr/local/lib/libLLVMCore.a /usr/local/lib/libLLVMBinaryFormat.a /usr/local/lib/libLLVMSupport.a -lcurses -lz -lm /usr/local/lib/libLLVMDemangle.a";
				OTHER_REZFLAGS = "";
				PRODUCT_NAME = kaleidoscope;
				SECTORDER_FLAGS = "";
				SYMROOT = /Users/lanza/Documents/Kaleidoscope/xbuild;
				USE_HEADERMAP = NO;
				WARNING_CFLAGS = ("-Wmost","-Wno-four-char-constants","-Wno-unknown-pragmas","$(inherited)");
			};
			name = MinSizeRel;
		};
		A50AD30AB4204D1CB509E519 /* Debug */ = {
			isa = XCBuildConfiguration;
			buildSettings = {
				COMBINE_HIDPI_IMAGES = YES;
				EXECUTABLE_PREFIX = "";
				EXECUTABLE_SUFFIX = "";
				GCC_GENERATE_DEBUGGING_SYMBOLS = YES;
				GCC_INLINES_ARE_PRIVATE_EXTERN = NO;
				GCC_OPTIMIZATION_LEVEL = 0;
				GCC_PREPROCESSOR_DEFINITIONS = ("'CMAKE_INTDIR=\"$(CONFIGURATION)$(EFFECTIVE_PLATFORM_NAME)\"'");
				GCC_SYMBOLS_PRIVATE_EXTERN = NO;
				HEADER_SEARCH_PATHS = (/usr/local/include);
				INSTALL_PATH = "";
				LIBRARY_SEARCH_PATHS = "";
				OTHER_CPLUSPLUSFLAGS = "   '-std=gnu++1z'   -D_DEBUG -D__STDC_CONSTANT_MACROS -D__STDC_FORMAT_MACROS -D__STDC_LIMIT_MACROS";
				OTHER_LDFLAGS = " -Wl,-search_paths_first -Wl,-headerpad_max_install_names  /usr/local/lib/libLLVMSupport.a /usr/local/lib/libLLVMCore.a /usr/local/lib/libLLVMIRReader.a /usr/local/lib/libLLVMAsmParser.a /usr/local/lib/libLLVMBitReader.a /usr/local/lib/libLLVMCore.a /usr/local/lib/libLLVMBinaryFormat.a /usr/local/lib/libLLVMSupport.a -lcurses -lz -lm /usr/local/lib/libLLVMDemangle.a";
				OTHER_REZFLAGS = "";
				PRODUCT_NAME = kaleidoscope;
				SECTORDER_FLAGS = "";
				SYMROOT = /Users/lanza/Documents/Kaleidoscope/xbuild;
				USE_HEADERMAP = NO;
				WARNING_CFLAGS = ("-Wmost","-Wno-four-char-constants","-Wno-unknown-pragmas","$(inherited)");
			};
			name = Debug;
		};
		AAA761CC034F4E5D99E4C8E6 /* MinSizeRel */ = {
			isa = XCBuildConfiguration;
			buildSettings = {
				COMBINE_HIDPI_IMAGES = YES;
				GCC_GENERATE_DEBUGGING_SYMBOLS = YES;
				GCC_INLINES_ARE_PRIVATE_EXTERN = NO;
				GCC_OPTIMIZATION_LEVEL = 0;
				GCC_PREPROCESSOR_DEFINITIONS = ("'CMAKE_INTDIR=\"$(CONFIGURATION)$(EFFECTIVE_PLATFORM_NAME)\"'");
				GCC_SYMBOLS_PRIVATE_EXTERN = NO;
				HEADER_SEARCH_PATHS = (/usr/local/include);
				INSTALL_PATH = "";
				OTHER_LDFLAGS = " ";
				OTHER_REZFLAGS = "";
				PRODUCT_NAME = ALL_BUILD;
				SECTORDER_FLAGS = "";
				SYMROOT = /Users/lanza/Documents/Kaleidoscope/xbuild;
				USE_HEADERMAP = NO;
				WARNING_CFLAGS = ("-Wmost","-Wno-four-char-constants","-Wno-unknown-pragmas","$(inherited)");
			};
			name = MinSizeRel;
		};
		B23D1EEC4FE74600972E40EF /* MinSizeRel */ = {
			isa = XCBuildConfiguration;
			buildSettings = {
				COMBINE_HIDPI_IMAGES = YES;
				GCC_GENERATE_DEBUGGING_SYMBOLS = YES;
				GCC_INLINES_ARE_PRIVATE_EXTERN = NO;
				GCC_OPTIMIZATION_LEVEL = 0;
				GCC_PREPROCESSOR_DEFINITIONS = ("'CMAKE_INTDIR=\"$(CONFIGURATION)$(EFFECTIVE_PLATFORM_NAME)\"'");
				GCC_SYMBOLS_PRIVATE_EXTERN = NO;
				HEADER_SEARCH_PATHS = (/usr/local/include);
				INSTALL_PATH = "";
				OTHER_LDFLAGS = " ";
				OTHER_REZFLAGS = "";
				PRODUCT_NAME = intrinsics_gen;
				SECTORDER_FLAGS = "";
				SYMROOT = /Users/lanza/Documents/Kaleidoscope/xbuild;
				USE_HEADERMAP = NO;
				WARNING_CFLAGS = ("-Wmost","-Wno-four-char-constants","-Wno-unknown-pragmas","$(inherited)");
			};
			name = MinSizeRel;
		};
		B47B4AAD06794CD89F88AFBE /* Release */ = {
			isa = XCBuildConfiguration;
			buildSettings = {
				MACOSX_DEPLOYMENT_TARGET = 10.12;
				ONLY_ACTIVE_ARCH = YES;
				SDKROOT = /Applications/Xcode.app/Contents/Developer/Platforms/MacOSX.platform/Developer/SDKs/MacOSX10.13.sdk;
				SYMROOT = /Users/lanza/Documents/Kaleidoscope/xbuild/build;
			};
			name = Release;
		};
		D41CE6997D02409EAB9C8924 /* Release */ = {
			isa = XCBuildConfiguration;
			buildSettings = {
				COMBINE_HIDPI_IMAGES = YES;
				EXECUTABLE_PREFIX = "";
				EXECUTABLE_SUFFIX = "";
				GCC_GENERATE_DEBUGGING_SYMBOLS = NO;
				GCC_INLINES_ARE_PRIVATE_EXTERN = NO;
				GCC_OPTIMIZATION_LEVEL = 3;
				GCC_PREPROCESSOR_DEFINITIONS = ("'CMAKE_INTDIR=\"$(CONFIGURATION)$(EFFECTIVE_PLATFORM_NAME)\"'");
				GCC_SYMBOLS_PRIVATE_EXTERN = NO;
				HEADER_SEARCH_PATHS = (/usr/local/include);
				INSTALL_PATH = "";
				LIBRARY_SEARCH_PATHS = "";
				OTHER_CPLUSPLUSFLAGS = "    -DNDEBUG '-std=gnu++1z'   -D_DEBUG -D__STDC_CONSTANT_MACROS -D__STDC_FORMAT_MACROS -D__STDC_LIMIT_MACROS";
				OTHER_LDFLAGS = " -Wl,-search_paths_first -Wl,-headerpad_max_install_names  /usr/local/lib/libLLVMSupport.a /usr/local/lib/libLLVMCore.a /usr/local/lib/libLLVMIRReader.a /usr/local/lib/libLLVMAsmParser.a /usr/local/lib/libLLVMBitReader.a /usr/local/lib/libLLVMCore.a /usr/local/lib/libLLVMBinaryFormat.a /usr/local/lib/libLLVMSupport.a -lcurses -lz -lm /usr/local/lib/libLLVMDemangle.a";
				OTHER_REZFLAGS = "";
				PRODUCT_NAME = kaleidoscope;
				SECTORDER_FLAGS = "";
				SYMROOT = /Users/lanza/Documents/Kaleidoscope/xbuild;
				USE_HEADERMAP = NO;
				WARNING_CFLAGS = ("-Wmost","-Wno-four-char-constants","-Wno-unknown-pragmas","$(inherited)");
			};
			name = Release;
		};
		E035865F8E0E4A50B055B1EA /* RelWithDebInfo */ = {
			isa = XCBuildConfiguration;
			buildSettings = {
				COMBINE_HIDPI_IMAGES = YES;
				GCC_GENERATE_DEBUGGING_SYMBOLS = YES;
				GCC_INLINES_ARE_PRIVATE_EXTERN = NO;
				GCC_OPTIMIZATION_LEVEL = 0;
				GCC_PREPROCESSOR_DEFINITIONS = ("'CMAKE_INTDIR=\"$(CONFIGURATION)$(EFFECTIVE_PLATFORM_NAME)\"'");
				GCC_SYMBOLS_PRIVATE_EXTERN = NO;
				HEADER_SEARCH_PATHS = (/usr/local/include);
				INSTALL_PATH = "";
				OTHER_LDFLAGS = " ";
				OTHER_REZFLAGS = "";
				PRODUCT_NAME = ZERO_CHECK;
				SECTORDER_FLAGS = "";
				SYMROOT = /Users/lanza/Documents/Kaleidoscope/xbuild;
				USE_HEADERMAP = NO;
				WARNING_CFLAGS = ("-Wmost","-Wno-four-char-constants","-Wno-unknown-pragmas","$(inherited)");
			};
			name = RelWithDebInfo;
		};
		E834A4796182438EAA354A2F /* Release */ = {
			isa = XCBuildConfiguration;
			buildSettings = {
				COMBINE_HIDPI_IMAGES = YES;
				GCC_GENERATE_DEBUGGING_SYMBOLS = YES;
				GCC_INLINES_ARE_PRIVATE_EXTERN = NO;
				GCC_OPTIMIZATION_LEVEL = 0;
				GCC_PREPROCESSOR_DEFINITIONS = ("'CMAKE_INTDIR=\"$(CONFIGURATION)$(EFFECTIVE_PLATFORM_NAME)\"'");
				GCC_SYMBOLS_PRIVATE_EXTERN = NO;
				HEADER_SEARCH_PATHS = (/usr/local/include);
				INSTALL_PATH = "";
				OTHER_LDFLAGS = " ";
				OTHER_REZFLAGS = "";
				PRODUCT_NAME = ALL_BUILD;
				SECTORDER_FLAGS = "";
				SYMROOT = /Users/lanza/Documents/Kaleidoscope/xbuild;
				USE_HEADERMAP = NO;
				WARNING_CFLAGS = ("-Wmost","-Wno-four-char-constants","-Wno-unknown-pragmas","$(inherited)");
			};
			name = Release;
		};
		EE004673840C4AC691EC8670 /* Release */ = {
			isa = XCBuildConfiguration;
			buildSettings = {
				COMBINE_HIDPI_IMAGES = YES;
				GCC_GENERATE_DEBUGGING_SYMBOLS = YES;
				GCC_INLINES_ARE_PRIVATE_EXTERN = NO;
				GCC_OPTIMIZATION_LEVEL = 0;
				GCC_PREPROCESSOR_DEFINITIONS = ("'CMAKE_INTDIR=\"$(CONFIGURATION)$(EFFECTIVE_PLATFORM_NAME)\"'");
				GCC_SYMBOLS_PRIVATE_EXTERN = NO;
				HEADER_SEARCH_PATHS = (/usr/local/include);
				INSTALL_PATH = "";
				OTHER_LDFLAGS = " ";
				OTHER_REZFLAGS = "";
				PRODUCT_NAME = ZERO_CHECK;
				SECTORDER_FLAGS = "";
				SYMROOT = /Users/lanza/Documents/Kaleidoscope/xbuild;
				USE_HEADERMAP = NO;
				WARNING_CFLAGS = ("-Wmost","-Wno-four-char-constants","-Wno-unknown-pragmas","$(inherited)");
			};
			name = Release;
		};
		F5453BCB170D4B5CA22F896F /* Debug */ = {
			isa = XCBuildConfiguration;
			buildSettings = {
				COMBINE_HIDPI_IMAGES = YES;
				GCC_GENERATE_DEBUGGING_SYMBOLS = YES;
				GCC_INLINES_ARE_PRIVATE_EXTERN = NO;
				GCC_OPTIMIZATION_LEVEL = 0;
				GCC_PREPROCESSOR_DEFINITIONS = ("'CMAKE_INTDIR=\"$(CONFIGURATION)$(EFFECTIVE_PLATFORM_NAME)\"'");
				GCC_SYMBOLS_PRIVATE_EXTERN = NO;
				HEADER_SEARCH_PATHS = (/usr/local/include);
				INSTALL_PATH = "";
				OTHER_LDFLAGS = " ";
				OTHER_REZFLAGS = "";
				PRODUCT_NAME = ALL_BUILD;
				SECTORDER_FLAGS = "";
				SYMROOT = /Users/lanza/Documents/Kaleidoscope/xbuild;
				USE_HEADERMAP = NO;
				WARNING_CFLAGS = ("-Wmost","-Wno-four-char-constants","-Wno-unknown-pragmas","$(inherited)");
			};
			name = Debug;
		};
		F8BF1766119A4933B4161408 /* MinSizeRel */ = {
			isa = XCBuildConfiguration;
			buildSettings = {
				COMBINE_HIDPI_IMAGES = YES;
				GCC_GENERATE_DEBUGGING_SYMBOLS = YES;
				GCC_INLINES_ARE_PRIVATE_EXTERN = NO;
				GCC_OPTIMIZATION_LEVEL = 0;
				GCC_PREPROCESSOR_DEFINITIONS = ("'CMAKE_INTDIR=\"$(CONFIGURATION)$(EFFECTIVE_PLATFORM_NAME)\"'");
				GCC_SYMBOLS_PRIVATE_EXTERN = NO;
				HEADER_SEARCH_PATHS = (/usr/local/include);
				INSTALL_PATH = "";
				OTHER_LDFLAGS = " ";
				OTHER_REZFLAGS = "";
				PRODUCT_NAME = ZERO_CHECK;
				SECTORDER_FLAGS = "";
				SYMROOT = /Users/lanza/Documents/Kaleidoscope/xbuild;
				USE_HEADERMAP = NO;
				WARNING_CFLAGS = ("-Wmost","-Wno-four-char-constants","-Wno-unknown-pragmas","$(inherited)");
			};
			name = MinSizeRel;
		};
/* End XCBuildConfiguration section */

/* Begin XCConfigurationList section */
		3E2217E05FD240BD981B77B6 /* Build configuration list for PBXAggregateTarget "ZERO_CHECK" */ = {
			isa = XCConfigurationList;
			buildConfigurations = (
				67FAB2C225574391B405BA80 /* Debug */,
				EE004673840C4AC691EC8670 /* Release */,
				F8BF1766119A4933B4161408 /* MinSizeRel */,
				E035865F8E0E4A50B055B1EA /* RelWithDebInfo */,
			);
			defaultConfigurationIsVisible = 0;
			defaultConfigurationName = Debug;
		};
		77B519D3078C486B9A903EB8 /* Build configuration list for PBXProject "Kaleidoscope" */ = {
			isa = XCConfigurationList;
			buildConfigurations = (
				78CD26C1AFA547A69AFBF326 /* Debug */,
				B47B4AAD06794CD89F88AFBE /* Release */,
				15141014C45B49079DDB2791 /* MinSizeRel */,
				2A8FE999C851467087993F58 /* RelWithDebInfo */,
			);
			defaultConfigurationIsVisible = 0;
			defaultConfigurationName = Debug;
		};
		9E25FCC01F0B4BA68C002685 /* Build configuration list for PBXAggregateTarget "intrinsics_gen" */ = {
			isa = XCConfigurationList;
			buildConfigurations = (
				6446CCFE2BE948B2B8ADE4EC /* Debug */,
				3743F587F04C431C85B639DB /* Release */,
				B23D1EEC4FE74600972E40EF /* MinSizeRel */,
				62B0EBE6A58446159CF00524 /* RelWithDebInfo */,
			);
			defaultConfigurationIsVisible = 0;
			defaultConfigurationName = Debug;
		};
		C59795C8D36242D9BB15CA87 /* Build configuration list for PBXNativeTarget "kaleidoscope" */ = {
			isa = XCConfigurationList;
			buildConfigurations = (
				A50AD30AB4204D1CB509E519 /* Debug */,
				D41CE6997D02409EAB9C8924 /* Release */,
				8E238EB7C4F8479E8F7DB9FD /* MinSizeRel */,
				046F982BE88546B1A2210384 /* RelWithDebInfo */,
			);
			defaultConfigurationIsVisible = 0;
			defaultConfigurationName = Debug;
		};
		D3343ED704D04038AA054D16 /* Build configuration list for PBXAggregateTarget "ALL_BUILD" */ = {
			isa = XCConfigurationList;
			buildConfigurations = (
				F5453BCB170D4B5CA22F896F /* Debug */,
				E834A4796182438EAA354A2F /* Release */,
				AAA761CC034F4E5D99E4C8E6 /* MinSizeRel */,
				5390846D38B74A1E80B86DB1 /* RelWithDebInfo */,
			);
			defaultConfigurationIsVisible = 0;
			defaultConfigurationName = Debug;
		};
/* End XCConfigurationList section */
	};
	rootObject = 88A9E34E13D24ECC9DF88525 /* Project object */;
}
